
Microsoft Visual Studio Solution File, Format Version 12.00
# Visual Studio Version 17
VisualStudioVersion = 17.9.34714.143
MinimumVisualStudioVersion = 10.0.40219.1
Project("{FAE04EC0-301F-11D3-BF4B-00C04F79EFBC}") = "다중상속", "다중상속.csproj", "{28976ADE-AEB9-4F80-8F30-65B2AE5A5B4F}"
EndProject
Global
	GlobalSection(SolutionConfigurationPlatforms) = preSolution
		Debug|Any CPU = Debug|Any CPU
		Release|Any CPU = Release|Any CPU
	EndGlobalSection
	GlobalSection(ProjectConfigurationPlatforms) = postSolution
		{28976ADE-AEB9-4F80-8F30-65B2AE5A5B4F}.Debug|Any CPU.ActiveCfg = Debug|Any CPU
		{28976ADE-AEB9-4F80-8F30-65B2AE5A5B4F}.Debug|Any CPU.Build.0 = Debug|Any CPU
		{28976ADE-AEB9-4F80-8F30-65B2AE5A5B4F}.Release|Any CPU.ActiveCfg = Release|Any CPU
		{28976ADE-AEB9-4F80-8F30-65B2AE5A5B4F}.Release|Any CPU.Build.0 = Release|Any CPU
	EndGlobalSection
	GlobalSection(SolutionProperties) = preSolution
		HideSolutionNode = FALSE
	EndGlobalSection
	GlobalSection(ExtensibilityGlobals) = postSolution
		SolutionGuid = {E460E253-CEE5-4B9F-8CAC-3451E19D375B}
	EndGlobalSection
EndGlobal
