
Microsoft Visual Studio Solution File, Format Version 12.00
# Visual Studio Version 17
VisualStudioVersion = 17.9.34714.143
MinimumVisualStudioVersion = 10.0.40219.1
Project("{FAE04EC0-301F-11D3-BF4B-00C04F79EFBC}") = "멀티델리게이트", "멀티델리게이트.csproj", "{52B1DC5B-B097-4B4A-ABF4-E5A80CEF0A69}"
EndProject
Global
	GlobalSection(SolutionConfigurationPlatforms) = preSolution
		Debug|Any CPU = Debug|Any CPU
		Release|Any CPU = Release|Any CPU
	EndGlobalSection
	GlobalSection(ProjectConfigurationPlatforms) = postSolution
		{52B1DC5B-B097-4B4A-ABF4-E5A80CEF0A69}.Debug|Any CPU.ActiveCfg = Debug|Any CPU
		{52B1DC5B-B097-4B4A-ABF4-E5A80CEF0A69}.Debug|Any CPU.Build.0 = Debug|Any CPU
		{52B1DC5B-B097-4B4A-ABF4-E5A80CEF0A69}.Release|Any CPU.ActiveCfg = Release|Any CPU
		{52B1DC5B-B097-4B4A-ABF4-E5A80CEF0A69}.Release|Any CPU.Build.0 = Release|Any CPU
	EndGlobalSection
	GlobalSection(SolutionProperties) = preSolution
		HideSolutionNode = FALSE
	EndGlobalSection
	GlobalSection(ExtensibilityGlobals) = postSolution
		SolutionGuid = {E7C48715-A31B-4739-9363-02716FF07E61}
	EndGlobalSection
EndGlobal
