
Microsoft Visual Studio Solution File, Format Version 12.00
# Visual Studio Version 17
VisualStudioVersion = 17.10.34928.147
MinimumVisualStudioVersion = 10.0.40219.1
Project("{FAE04EC0-301F-11D3-BF4B-00C04F79EFBC}") = "UsingStack", "UsingStack.csproj", "{B77DD5D5-DC1A-4F09-8D61-9802ADF77692}"
EndProject
Global
	GlobalSection(SolutionConfigurationPlatforms) = preSolution
		Debug|Any CPU = Debug|Any CPU
		Release|Any CPU = Release|Any CPU
	EndGlobalSection
	GlobalSection(ProjectConfigurationPlatforms) = postSolution
		{B77DD5D5-DC1A-4F09-8D61-9802ADF77692}.Debug|Any CPU.ActiveCfg = Debug|Any CPU
		{B77DD5D5-DC1A-4F09-8D61-9802ADF77692}.Debug|Any CPU.Build.0 = Debug|Any CPU
		{B77DD5D5-DC1A-4F09-8D61-9802ADF77692}.Release|Any CPU.ActiveCfg = Release|Any CPU
		{B77DD5D5-DC1A-4F09-8D61-9802ADF77692}.Release|Any CPU.Build.0 = Release|Any CPU
	EndGlobalSection
	GlobalSection(SolutionProperties) = preSolution
		HideSolutionNode = FALSE
	EndGlobalSection
	GlobalSection(ExtensibilityGlobals) = postSolution
		SolutionGuid = {C48AF4F5-46B1-4386-8361-B4C0705AD288}
	EndGlobalSection
EndGlobal
